
Microsoft Visual Studio Solution File, Format Version 12.00
# Visual Studio 14
VisualStudioVersion = 14.0.25420.1
MinimumVisualStudioVersion = 10.0.40219.1
Project("{FAE04EC0-301F-11D3-BF4B-00C04F79EFBC}") = "Negocio", "Negocio\Negocio.csproj", "{611F8F69-F666-4896-A968-7F597B1E0260}"
EndProject
Project("{FAE04EC0-301F-11D3-BF4B-00C04F79EFBC}") = "Presentador", "Presentador\Presentador.csproj", "{BC32A6E1-C46D-4A6E-B51A-7512FCDB73F2}"
EndProject
Project("{FAE04EC0-301F-11D3-BF4B-00C04F79EFBC}") = "Datos", "Datos\Datos.csproj", "{F4FC3536-E533-4F04-A8D9-002B734C3860}"
EndProject
Project("{FAE04EC0-301F-11D3-BF4B-00C04F79EFBC}") = "Entidades", "Entidades\Entidades.csproj", "{394048BD-AA9C-4E09-8A72-BABE7A27A24A}"
EndProject
Project("{FAE04EC0-301F-11D3-BF4B-00C04F79EFBC}") = "BD", "BD\BD.csproj", "{681A9463-37C4-4180-A6D4-EE9B17CD1A2F}"
EndProject
Global
	GlobalSection(SolutionConfigurationPlatforms) = preSolution
		Debug|Any CPU = Debug|Any CPU
		Release|Any CPU = Release|Any CPU
	EndGlobalSection
	GlobalSection(ProjectConfigurationPlatforms) = postSolution
		{611F8F69-F666-4896-A968-7F597B1E0260}.Debug|Any CPU.ActiveCfg = Debug|Any CPU
		{611F8F69-F666-4896-A968-7F597B1E0260}.Debug|Any CPU.Build.0 = Debug|Any CPU
		{611F8F69-F666-4896-A968-7F597B1E0260}.Release|Any CPU.ActiveCfg = Release|Any CPU
		{611F8F69-F666-4896-A968-7F597B1E0260}.Release|Any CPU.Build.0 = Release|Any CPU
		{BC32A6E1-C46D-4A6E-B51A-7512FCDB73F2}.Debug|Any CPU.ActiveCfg = Debug|Any CPU
		{BC32A6E1-C46D-4A6E-B51A-7512FCDB73F2}.Debug|Any CPU.Build.0 = Debug|Any CPU
		{BC32A6E1-C46D-4A6E-B51A-7512FCDB73F2}.Release|Any CPU.ActiveCfg = Release|Any CPU
		{BC32A6E1-C46D-4A6E-B51A-7512FCDB73F2}.Release|Any CPU.Build.0 = Release|Any CPU
		{F4FC3536-E533-4F04-A8D9-002B734C3860}.Debug|Any CPU.ActiveCfg = Debug|Any CPU
		{F4FC3536-E533-4F04-A8D9-002B734C3860}.Debug|Any CPU.Build.0 = Debug|Any CPU
		{F4FC3536-E533-4F04-A8D9-002B734C3860}.Release|Any CPU.ActiveCfg = Release|Any CPU
		{F4FC3536-E533-4F04-A8D9-002B734C3860}.Release|Any CPU.Build.0 = Release|Any CPU
		{394048BD-AA9C-4E09-8A72-BABE7A27A24A}.Debug|Any CPU.ActiveCfg = Debug|Any CPU
		{394048BD-AA9C-4E09-8A72-BABE7A27A24A}.Debug|Any CPU.Build.0 = Debug|Any CPU
		{394048BD-AA9C-4E09-8A72-BABE7A27A24A}.Release|Any CPU.ActiveCfg = Release|Any CPU
		{394048BD-AA9C-4E09-8A72-BABE7A27A24A}.Release|Any CPU.Build.0 = Release|Any CPU
		{681A9463-37C4-4180-A6D4-EE9B17CD1A2F}.Debug|Any CPU.ActiveCfg = Debug|Any CPU
		{681A9463-37C4-4180-A6D4-EE9B17CD1A2F}.Debug|Any CPU.Build.0 = Debug|Any CPU
		{681A9463-37C4-4180-A6D4-EE9B17CD1A2F}.Release|Any CPU.ActiveCfg = Release|Any CPU
		{681A9463-37C4-4180-A6D4-EE9B17CD1A2F}.Release|Any CPU.Build.0 = Release|Any CPU
	EndGlobalSection
	GlobalSection(SolutionProperties) = preSolution
		HideSolutionNode = FALSE
	EndGlobalSection
EndGlobal
